
Microsoft Visual Studio Solution File, Format Version 12.00
# Visual Studio Version 16
VisualStudioVersion = 16.0.30523.141
MinimumVisualStudioVersion = 10.0.40219.1
Project("{9A19103F-16F7-4668-BE54-9A1E7A4F7556}") = "Nota", "Nota\Nota.csproj", "{FCEC9B99-0E4B-4C5C-BE10-0F27B1989F6F}"
EndProject
Project("{FAE04EC0-301F-11D3-BF4B-00C04F79EFBC}") = "XUnitTestNota", "XUnitTestNota\XUnitTestNota.csproj", "{CFE5CDC9-6784-40C6-958C-A0A087C174E5}"
EndProject
Global
	GlobalSection(SolutionConfigurationPlatforms) = preSolution
		Debug|Any CPU = Debug|Any CPU
		Release|Any CPU = Release|Any CPU
	EndGlobalSection
	GlobalSection(ProjectConfigurationPlatforms) = postSolution
		{FCEC9B99-0E4B-4C5C-BE10-0F27B1989F6F}.Debug|Any CPU.ActiveCfg = Debug|Any CPU
		{FCEC9B99-0E4B-4C5C-BE10-0F27B1989F6F}.Debug|Any CPU.Build.0 = Debug|Any CPU
		{FCEC9B99-0E4B-4C5C-BE10-0F27B1989F6F}.Release|Any CPU.ActiveCfg = Release|Any CPU
		{FCEC9B99-0E4B-4C5C-BE10-0F27B1989F6F}.Release|Any CPU.Build.0 = Release|Any CPU
		{CFE5CDC9-6784-40C6-958C-A0A087C174E5}.Debug|Any CPU.ActiveCfg = Debug|Any CPU
		{CFE5CDC9-6784-40C6-958C-A0A087C174E5}.Debug|Any CPU.Build.0 = Debug|Any CPU
		{CFE5CDC9-6784-40C6-958C-A0A087C174E5}.Release|Any CPU.ActiveCfg = Release|Any CPU
		{CFE5CDC9-6784-40C6-958C-A0A087C174E5}.Release|Any CPU.Build.0 = Release|Any CPU
	EndGlobalSection
	GlobalSection(SolutionProperties) = preSolution
		HideSolutionNode = FALSE
	EndGlobalSection
	GlobalSection(ExtensibilityGlobals) = postSolution
		SolutionGuid = {E8B7F6D2-4E83-4124-A8F2-BD60559A890E}
	EndGlobalSection
EndGlobal
